// !$*UTF8*$!
{
	archiveVersion = 1;
	classes = {
	};
	objectVersion = 56;
	objects = {

/* Begin PBXBuildFile section */
		72317BEE2A80F2D30044B240 /* ImmersiveMoveAndRotateApp.swift in Sources */ = {isa = PBXBuildFile; fileRef = 72317BED2A80F2D30044B240 /* ImmersiveMoveAndRotateApp.swift */; };
		72317BF22A80F2D30044B240 /* ImmersiveView.swift in Sources */ = {isa = PBXBuildFile; fileRef = 72317BF12A80F2D30044B240 /* ImmersiveView.swift */; };
		72317BF62A80F2D60044B240 /* Assets.xcassets in Resources */ = {isa = PBXBuildFile; fileRef = 72317BF52A80F2D60044B240 /* Assets.xcassets */; };
		727133A82B61138500B71B5E /* EntityMovementViewModifier.swift in Sources */ = {isa = PBXBuildFile; fileRef = 727133A72B61138500B71B5E /* EntityMovementViewModifier.swift */; };
		C1A258FD2EA31AF80043F4D0 /* GRPCServer.swift in Sources */ = {isa = PBXBuildFile; fileRef = C1A258FC2EA31AF80043F4D0 /* GRPCServer.swift */; };
		C1CD20BB2EA2D4D900007546 /* APIHandler.swift in Sources */ = {isa = PBXBuildFile; fileRef = C1CD20BA2EA2D4D900007546 /* APIHandler.swift */; };
		C1F4A5852EA326C1001A9170 /* GRPCCodeGen in Frameworks */ = {isa = PBXBuildFile; productRef = C1F4A5842EA326C1001A9170 /* GRPCCodeGen */; };
		C1F4A5872EA326C1001A9170 /* GRPCCore in Frameworks */ = {isa = PBXBuildFile; productRef = C1F4A5862EA326C1001A9170 /* GRPCCore */; };
		C1F4A5892EA326C1001A9170 /* GRPCInProcessTransport in Frameworks */ = {isa = PBXBuildFile; productRef = C1F4A5882EA326C1001A9170 /* GRPCInProcessTransport */; };
		C1F4A58B2EA326E4001A9170 /* mujoco_ar.grpc.swift in Sources */ = {isa = PBXBuildFile; fileRef = C1F4A58A2EA326E4001A9170 /* mujoco_ar.grpc.swift */; };
		C1F4A58D2EA326EA001A9170 /* mujoco_ar.pb.swift in Sources */ = {isa = PBXBuildFile; fileRef = C1F4A58C2EA326EA001A9170 /* mujoco_ar.pb.swift */; };
		C1F4A5902EA32738001A9170 /* GRPCProtobuf in Frameworks */ = {isa = PBXBuildFile; productRef = C1F4A58F2EA32738001A9170 /* GRPCProtobuf */; };
		C1F4A5932EA327D1001A9170 /* GRPCNIOTransportHTTP2 in Frameworks */ = {isa = PBXBuildFile; productRef = C1F4A5922EA327D1001A9170 /* GRPCNIOTransportHTTP2 */; };
		C1F4A5952EA327D1001A9170 /* GRPCNIOTransportHTTP2Posix in Frameworks */ = {isa = PBXBuildFile; productRef = C1F4A5942EA327D1001A9170 /* GRPCNIOTransportHTTP2Posix */; };
		C1F4A5972EA327D1001A9170 /* GRPCNIOTransportHTTP2TransportServices in Frameworks */ = {isa = PBXBuildFile; productRef = C1F4A5962EA327D1001A9170 /* GRPCNIOTransportHTTP2TransportServices */; };
/* End PBXBuildFile section */

/* Begin PBXFileReference section */
		72317BE62A80F2D30044B240 /* mujocoARViewer.app */ = {isa = PBXFileReference; explicitFileType = wrapper.application; includeInIndex = 0; path = mujocoARViewer.app; sourceTree = BUILT_PRODUCTS_DIR; };
		72317BED2A80F2D30044B240 /* ImmersiveMoveAndRotateApp.swift */ = {isa = PBXFileReference; lastKnownFileType = sourcecode.swift; path = ImmersiveMoveAndRotateApp.swift; sourceTree = "<group>"; };
		72317BF12A80F2D30044B240 /* ImmersiveView.swift */ = {isa = PBXFileReference; lastKnownFileType = sourcecode.swift; path = ImmersiveView.swift; sourceTree = "<group>"; };
		72317BF52A80F2D60044B240 /* Assets.xcassets */ = {isa = PBXFileReference; lastKnownFileType = folder.assetcatalog; path = Assets.xcassets; sourceTree = "<group>"; };
		727133A72B61138500B71B5E /* EntityMovementViewModifier.swift */ = {isa = PBXFileReference; lastKnownFileType = sourcecode.swift; path = EntityMovementViewModifier.swift; sourceTree = "<group>"; };
		727133A92B6114CC00B71B5E /* Info.plist */ = {isa = PBXFileReference; lastKnownFileType = text.plist.xml; path = Info.plist; sourceTree = "<group>"; };
		C1A258FC2EA31AF80043F4D0 /* GRPCServer.swift */ = {isa = PBXFileReference; lastKnownFileType = sourcecode.swift; path = GRPCServer.swift; sourceTree = "<group>"; };
		C1CD20BA2EA2D4D900007546 /* APIHandler.swift */ = {isa = PBXFileReference; lastKnownFileType = sourcecode.swift; path = APIHandler.swift; sourceTree = "<group>"; };
		C1F4A5822EA32668001A9170 /* Package.swift */ = {isa = PBXFileReference; lastKnownFileType = sourcecode.swift; path = Package.swift; sourceTree = "<group>"; };
		C1F4A58A2EA326E4001A9170 /* mujoco_ar.grpc.swift */ = {isa = PBXFileReference; lastKnownFileType = sourcecode.swift; path = mujoco_ar.grpc.swift; sourceTree = "<group>"; };
		C1F4A58C2EA326EA001A9170 /* mujoco_ar.pb.swift */ = {isa = PBXFileReference; lastKnownFileType = sourcecode.swift; path = mujoco_ar.pb.swift; sourceTree = "<group>"; };
/* End PBXFileReference section */

/* Begin PBXFrameworksBuildPhase section */
		72317BE32A80F2D30044B240 /* Frameworks */ = {
			isa = PBXFrameworksBuildPhase;
			buildActionMask = 2147483647;
			files = (
				C1F4A5972EA327D1001A9170 /* GRPCNIOTransportHTTP2TransportServices in Frameworks */,
				C1F4A5852EA326C1001A9170 /* GRPCCodeGen in Frameworks */,
				C1F4A5902EA32738001A9170 /* GRPCProtobuf in Frameworks */,
				C1F4A5872EA326C1001A9170 /* GRPCCore in Frameworks */,
				C1F4A5932EA327D1001A9170 /* GRPCNIOTransportHTTP2 in Frameworks */,
				C1F4A5952EA327D1001A9170 /* GRPCNIOTransportHTTP2Posix in Frameworks */,
				C1F4A5892EA326C1001A9170 /* GRPCInProcessTransport in Frameworks */,
			);
			runOnlyForDeploymentPostprocessing = 0;
		};
/* End PBXFrameworksBuildPhase section */

/* Begin PBXGroup section */
		72317BDD2A80F2D30044B240 = {
			isa = PBXGroup;
			children = (
				C1F4A5822EA32668001A9170 /* Package.swift */,
				72317BE82A80F2D30044B240 /* Source */,
				C14D50942EA320630021DD2B /* Frameworks */,
				72317BE72A80F2D30044B240 /* Products */,
			);
			sourceTree = "<group>";
		};
		72317BE72A80F2D30044B240 /* Products */ = {
			isa = PBXGroup;
			children = (
				72317BE62A80F2D30044B240 /* mujocoARViewer.app */,
			);
			name = Products;
			sourceTree = "<group>";
		};
		72317BE82A80F2D30044B240 /* Source */ = {
			isa = PBXGroup;
			children = (
				72317BED2A80F2D30044B240 /* ImmersiveMoveAndRotateApp.swift */,
				72317BF12A80F2D30044B240 /* ImmersiveView.swift */,
				C1A258FC2EA31AF80043F4D0 /* GRPCServer.swift */,
				C1F4A58A2EA326E4001A9170 /* mujoco_ar.grpc.swift */,
				C1F4A58C2EA326EA001A9170 /* mujoco_ar.pb.swift */,
				C1CD20BA2EA2D4D900007546 /* APIHandler.swift */,
				727133A72B61138500B71B5E /* EntityMovementViewModifier.swift */,
				72317BF52A80F2D60044B240 /* Assets.xcassets */,
				727133A92B6114CC00B71B5E /* Info.plist */,
			);
			path = Source;
			sourceTree = "<group>";
		};
		C14D50942EA320630021DD2B /* Frameworks */ = {
			isa = PBXGroup;
			children = (
			);
			name = Frameworks;
			sourceTree = "<group>";
		};
/* End PBXGroup section */

/* Begin PBXNativeTarget section */
		72317BE52A80F2D30044B240 /* mujocoARViewer */ = {
			isa = PBXNativeTarget;
			buildConfigurationList = 72317BFC2A80F2D60044B240 /* Build configuration list for PBXNativeTarget "mujocoARViewer" */;
			buildPhases = (
				72317BE22A80F2D30044B240 /* Sources */,
				72317BE32A80F2D30044B240 /* Frameworks */,
				72317BE42A80F2D30044B240 /* Resources */,
			);
			buildRules = (
			);
			dependencies = (
			);
			name = mujocoARViewer;
			packageProductDependencies = (
				C1F4A5842EA326C1001A9170 /* GRPCCodeGen */,
				C1F4A5862EA326C1001A9170 /* GRPCCore */,
				C1F4A5882EA326C1001A9170 /* GRPCInProcessTransport */,
				C1F4A58F2EA32738001A9170 /* GRPCProtobuf */,
				C1F4A5922EA327D1001A9170 /* GRPCNIOTransportHTTP2 */,
				C1F4A5942EA327D1001A9170 /* GRPCNIOTransportHTTP2Posix */,
				C1F4A5962EA327D1001A9170 /* GRPCNIOTransportHTTP2TransportServices */,
			);
			productName = ImmersiveMoveAndRotate;
			productReference = 72317BE62A80F2D30044B240 /* mujocoARViewer.app */;
			productType = "com.apple.product-type.application";
		};
/* End PBXNativeTarget section */

/* Begin PBXProject section */
		72317BDE2A80F2D30044B240 /* Project object */ = {
			isa = PBXProject;
			attributes = {
				BuildIndependentTargetsInParallel = 1;
				LastSwiftUpdateCheck = 1500;
				LastUpgradeCheck = 1500;
				TargetAttributes = {
					72317BE52A80F2D30044B240 = {
						CreatedOnToolsVersion = 15.0;
					};
				};
			};
			buildConfigurationList = 72317BE12A80F2D30044B240 /* Build configuration list for PBXProject "mujocoARViewer" */;
			compatibilityVersion = "Xcode 14.0";
			developmentRegion = en;
			hasScannedForEncodings = 0;
			knownRegions = (
				en,
				Base,
			);
			mainGroup = 72317BDD2A80F2D30044B240;
			packageReferences = (
				C1F4A5832EA326C1001A9170 /* XCRemoteSwiftPackageReference "grpc-swift-2" */,
				C1F4A58E2EA32738001A9170 /* XCRemoteSwiftPackageReference "grpc-swift-protobuf" */,
				C1F4A5912EA327D1001A9170 /* XCRemoteSwiftPackageReference "grpc-swift-nio-transport" */,
			);
			productRefGroup = 72317BE72A80F2D30044B240 /* Products */;
			projectDirPath = "";
			projectRoot = "";
			targets = (
				72317BE52A80F2D30044B240 /* mujocoARViewer */,
			);
		};
/* End PBXProject section */

/* Begin PBXResourcesBuildPhase section */
		72317BE42A80F2D30044B240 /* Resources */ = {
			isa = PBXResourcesBuildPhase;
			buildActionMask = 2147483647;
			files = (
				72317BF62A80F2D60044B240 /* Assets.xcassets in Resources */,
			);
			runOnlyForDeploymentPostprocessing = 0;
		};
/* End PBXResourcesBuildPhase section */

/* Begin PBXSourcesBuildPhase section */
		72317BE22A80F2D30044B240 /* Sources */ = {
			isa = PBXSourcesBuildPhase;
			buildActionMask = 2147483647;
			files = (
				C1A258FD2EA31AF80043F4D0 /* GRPCServer.swift in Sources */,
				72317BEE2A80F2D30044B240 /* ImmersiveMoveAndRotateApp.swift in Sources */,
				C1F4A58B2EA326E4001A9170 /* mujoco_ar.grpc.swift in Sources */,
				72317BF22A80F2D30044B240 /* ImmersiveView.swift in Sources */,
				727133A82B61138500B71B5E /* EntityMovementViewModifier.swift in Sources */,
				C1CD20BB2EA2D4D900007546 /* APIHandler.swift in Sources */,
				C1F4A58D2EA326EA001A9170 /* mujoco_ar.pb.swift in Sources */,
			);
			runOnlyForDeploymentPostprocessing = 0;
		};
/* End PBXSourcesBuildPhase section */

/* Begin XCBuildConfiguration section */
		72317BFA2A80F2D60044B240 /* Debug */ = {
			isa = XCBuildConfiguration;
			buildSettings = {
				ALWAYS_SEARCH_USER_PATHS = NO;
				ASSETCATALOG_COMPILER_GENERATE_SWIFT_ASSET_SYMBOL_EXTENSIONS = YES;
				CLANG_ANALYZER_NONNULL = YES;
				CLANG_ANALYZER_NUMBER_OBJECT_CONVERSION = YES_AGGRESSIVE;
				CLANG_CXX_LANGUAGE_STANDARD = "gnu++20";
				CLANG_ENABLE_MODULES = YES;
				CLANG_ENABLE_OBJC_ARC = YES;
				CLANG_ENABLE_OBJC_WEAK = YES;
				CLANG_WARN_BLOCK_CAPTURE_AUTORELEASING = YES;
				CLANG_WARN_BOOL_CONVERSION = YES;
				CLANG_WARN_COMMA = YES;
				CLANG_WARN_CONSTANT_CONVERSION = YES;
				CLANG_WARN_DEPRECATED_OBJC_IMPLEMENTATIONS = YES;
				CLANG_WARN_DIRECT_OBJC_ISA_USAGE = YES_ERROR;
				CLANG_WARN_DOCUMENTATION_COMMENTS = YES;
				CLANG_WARN_EMPTY_BODY = YES;
				CLANG_WARN_ENUM_CONVERSION = YES;
				CLANG_WARN_INFINITE_RECURSION = YES;
				CLANG_WARN_INT_CONVERSION = YES;
				CLANG_WARN_NON_LITERAL_NULL_CONVERSION = YES;
				CLANG_WARN_OBJC_IMPLICIT_RETAIN_SELF = YES;
				CLANG_WARN_OBJC_LITERAL_CONVERSION = YES;
				CLANG_WARN_OBJC_ROOT_CLASS = YES_ERROR;
				CLANG_WARN_QUOTED_INCLUDE_IN_FRAMEWORK_HEADER = YES;
				CLANG_WARN_RANGE_LOOP_ANALYSIS = YES;
				CLANG_WARN_STRICT_PROTOTYPES = YES;
				CLANG_WARN_SUSPICIOUS_MOVE = YES;
				CLANG_WARN_UNGUARDED_AVAILABILITY = YES_AGGRESSIVE;
				CLANG_WARN_UNREACHABLE_CODE = YES;
				CLANG_WARN__DUPLICATE_METHOD_MATCH = YES;
				COPY_PHASE_STRIP = NO;
				DEBUG_INFORMATION_FORMAT = dwarf;
				ENABLE_STRICT_OBJC_MSGSEND = YES;
				ENABLE_TESTABILITY = YES;
				ENABLE_USER_SCRIPT_SANDBOXING = YES;
				GCC_C_LANGUAGE_STANDARD = gnu17;
				GCC_DYNAMIC_NO_PIC = NO;
				GCC_NO_COMMON_BLOCKS = YES;
				GCC_OPTIMIZATION_LEVEL = 0;
				GCC_PREPROCESSOR_DEFINITIONS = (
					"DEBUG=1",
					"$(inherited)",
				);
				GCC_WARN_64_TO_32_BIT_CONVERSION = YES;
				GCC_WARN_ABOUT_RETURN_TYPE = YES_ERROR;
				GCC_WARN_UNDECLARED_SELECTOR = YES;
				GCC_WARN_UNINITIALIZED_AUTOS = YES_AGGRESSIVE;
				GCC_WARN_UNUSED_FUNCTION = YES;
				GCC_WARN_UNUSED_VARIABLE = YES;
				LOCALIZATION_PREFERS_STRING_CATALOGS = YES;
				MTL_ENABLE_DEBUG_INFO = INCLUDE_SOURCE;
				MTL_FAST_MATH = YES;
				ONLY_ACTIVE_ARCH = YES;
				SDKROOT = xros;
				SWIFT_ACTIVE_COMPILATION_CONDITIONS = "DEBUG $(inherited)";
				SWIFT_OPTIMIZATION_LEVEL = "-Onone";
				XROS_DEPLOYMENT_TARGET = 1.0;
			};
			name = Debug;
		};
		72317BFB2A80F2D60044B240 /* Release */ = {
			isa = XCBuildConfiguration;
			buildSettings = {
				ALWAYS_SEARCH_USER_PATHS = NO;
				ASSETCATALOG_COMPILER_GENERATE_SWIFT_ASSET_SYMBOL_EXTENSIONS = YES;
				CLANG_ANALYZER_NONNULL = YES;
				CLANG_ANALYZER_NUMBER_OBJECT_CONVERSION = YES_AGGRESSIVE;
				CLANG_CXX_LANGUAGE_STANDARD = "gnu++20";
				CLANG_ENABLE_MODULES = YES;
				CLANG_ENABLE_OBJC_ARC = YES;
				CLANG_ENABLE_OBJC_WEAK = YES;
				CLANG_WARN_BLOCK_CAPTURE_AUTORELEASING = YES;
				CLANG_WARN_BOOL_CONVERSION = YES;
				CLANG_WARN_COMMA = YES;
				CLANG_WARN_CONSTANT_CONVERSION = YES;
				CLANG_WARN_DEPRECATED_OBJC_IMPLEMENTATIONS = YES;
				CLANG_WARN_DIRECT_OBJC_ISA_USAGE = YES_ERROR;
				CLANG_WARN_DOCUMENTATION_COMMENTS = YES;
				CLANG_WARN_EMPTY_BODY = YES;
				CLANG_WARN_ENUM_CONVERSION = YES;
				CLANG_WARN_INFINITE_RECURSION = YES;
				CLANG_WARN_INT_CONVERSION = YES;
				CLANG_WARN_NON_LITERAL_NULL_CONVERSION = YES;
				CLANG_WARN_OBJC_IMPLICIT_RETAIN_SELF = YES;
				CLANG_WARN_OBJC_LITERAL_CONVERSION = YES;
				CLANG_WARN_OBJC_ROOT_CLASS = YES_ERROR;
				CLANG_WARN_QUOTED_INCLUDE_IN_FRAMEWORK_HEADER = YES;
				CLANG_WARN_RANGE_LOOP_ANALYSIS = YES;
				CLANG_WARN_STRICT_PROTOTYPES = YES;
				CLANG_WARN_SUSPICIOUS_MOVE = YES;
				CLANG_WARN_UNGUARDED_AVAILABILITY = YES_AGGRESSIVE;
				CLANG_WARN_UNREACHABLE_CODE = YES;
				CLANG_WARN__DUPLICATE_METHOD_MATCH = YES;
				COPY_PHASE_STRIP = NO;
				DEBUG_INFORMATION_FORMAT = "dwarf-with-dsym";
				ENABLE_NS_ASSERTIONS = NO;
				ENABLE_STRICT_OBJC_MSGSEND = YES;
				ENABLE_USER_SCRIPT_SANDBOXING = YES;
				GCC_C_LANGUAGE_STANDARD = gnu17;
				GCC_NO_COMMON_BLOCKS = YES;
				GCC_WARN_64_TO_32_BIT_CONVERSION = YES;
				GCC_WARN_ABOUT_RETURN_TYPE = YES_ERROR;
				GCC_WARN_UNDECLARED_SELECTOR = YES;
				GCC_WARN_UNINITIALIZED_AUTOS = YES_AGGRESSIVE;
				GCC_WARN_UNUSED_FUNCTION = YES;
				GCC_WARN_UNUSED_VARIABLE = YES;
				LOCALIZATION_PREFERS_STRING_CATALOGS = YES;
				MTL_ENABLE_DEBUG_INFO = NO;
				MTL_FAST_MATH = YES;
				SDKROOT = xros;
				SWIFT_COMPILATION_MODE = wholemodule;
				VALIDATE_PRODUCT = YES;
				XROS_DEPLOYMENT_TARGET = 1.0;
			};
			name = Release;
		};
		72317BFD2A80F2D60044B240 /* Debug */ = {
			isa = XCBuildConfiguration;
			buildSettings = {
				ASSETCATALOG_COMPILER_APPICON_NAME = AppIcon;
				ASSETCATALOG_COMPILER_GLOBAL_ACCENT_COLOR_NAME = AccentColor;
				CODE_SIGN_STYLE = Automatic;
				CURRENT_PROJECT_VERSION = 1;
				DEVELOPMENT_TEAM = ATTMC2WVK2;
				ENABLE_PREVIEWS = YES;
				GENERATE_INFOPLIST_FILE = YES;
				INFOPLIST_FILE = "$(SRCROOT)/Source/Info.plist";
				INFOPLIST_KEY_CFBundleDisplayName = "MJ-ARViewer";
				LD_RUNPATH_SEARCH_PATHS = (
					"$(inherited)",
					"@executable_path/Frameworks",
				);
				MARKETING_VERSION = 1.0;
				PRODUCT_BUNDLE_IDENTIFIER = test.mjarviewer;
				PRODUCT_NAME = "$(TARGET_NAME)";
				SUPPORTED_PLATFORMS = "xros xrsimulator";
				SWIFT_EMIT_LOC_STRINGS = YES;
				SWIFT_VERSION = 5.0;
				TARGETED_DEVICE_FAMILY = "1,2,7";
				XROS_DEPLOYMENT_TARGET = 2.0;
			};
			name = Debug;
		};
		72317BFE2A80F2D60044B240 /* Release */ = {
			isa = XCBuildConfiguration;
			buildSettings = {
				ASSETCATALOG_COMPILER_APPICON_NAME = AppIcon;
				ASSETCATALOG_COMPILER_GLOBAL_ACCENT_COLOR_NAME = AccentColor;
				CODE_SIGN_STYLE = Automatic;
				CURRENT_PROJECT_VERSION = 1;
				DEVELOPMENT_TEAM = ATTMC2WVK2;
				ENABLE_PREVIEWS = YES;
				GENERATE_INFOPLIST_FILE = YES;
				INFOPLIST_FILE = "$(SRCROOT)/Source/Info.plist";
				INFOPLIST_KEY_CFBundleDisplayName = "MJ-ARViewer";
				LD_RUNPATH_SEARCH_PATHS = (
					"$(inherited)",
					"@executable_path/Frameworks",
				);
				MARKETING_VERSION = 1.0;
				PRODUCT_BUNDLE_IDENTIFIER = test.mjarviewer;
				PRODUCT_NAME = "$(TARGET_NAME)";
				SUPPORTED_PLATFORMS = "xros xrsimulator";
				SWIFT_EMIT_LOC_STRINGS = YES;
				SWIFT_VERSION = 5.0;
				TARGETED_DEVICE_FAMILY = "1,2,7";
				XROS_DEPLOYMENT_TARGET = 2.0;
			};
			name = Release;
		};
/* End XCBuildConfiguration section */

/* Begin XCConfigurationList section */
		72317BE12A80F2D30044B240 /* Build configuration list for PBXProject "mujocoARViewer" */ = {
			isa = XCConfigurationList;
			buildConfigurations = (
				72317BFA2A80F2D60044B240 /* Debug */,
				72317BFB2A80F2D60044B240 /* Release */,
			);
			defaultConfigurationIsVisible = 0;
			defaultConfigurationName = Release;
		};
		72317BFC2A80F2D60044B240 /* Build configuration list for PBXNativeTarget "mujocoARViewer" */ = {
			isa = XCConfigurationList;
			buildConfigurations = (
				72317BFD2A80F2D60044B240 /* Debug */,
				72317BFE2A80F2D60044B240 /* Release */,
			);
			defaultConfigurationIsVisible = 0;
			defaultConfigurationName = Release;
		};
/* End XCConfigurationList section */

/* Begin XCRemoteSwiftPackageReference section */
		C1F4A5832EA326C1001A9170 /* XCRemoteSwiftPackageReference "grpc-swift-2" */ = {
			isa = XCRemoteSwiftPackageReference;
			repositoryURL = "git@github.com:grpc/grpc-swift-2.git";
			requirement = {
				kind = upToNextMajorVersion;
				minimumVersion = 2.1.0;
			};
		};
		C1F4A58E2EA32738001A9170 /* XCRemoteSwiftPackageReference "grpc-swift-protobuf" */ = {
			isa = XCRemoteSwiftPackageReference;
			repositoryURL = "https://github.com/grpc/grpc-swift-protobuf";
			requirement = {
				kind = upToNextMajorVersion;
				minimumVersion = 2.1.1;
			};
		};
		C1F4A5912EA327D1001A9170 /* XCRemoteSwiftPackageReference "grpc-swift-nio-transport" */ = {
			isa = XCRemoteSwiftPackageReference;
			repositoryURL = "https://github.com/grpc/grpc-swift-nio-transport";
			requirement = {
				kind = upToNextMajorVersion;
				minimumVersion = 2.2.0;
			};
		};
/* End XCRemoteSwiftPackageReference section */

/* Begin XCSwiftPackageProductDependency section */
		C1F4A5842EA326C1001A9170 /* GRPCCodeGen */ = {
			isa = XCSwiftPackageProductDependency;
			package = C1F4A5832EA326C1001A9170 /* XCRemoteSwiftPackageReference "grpc-swift-2" */;
			productName = GRPCCodeGen;
		};
		C1F4A5862EA326C1001A9170 /* GRPCCore */ = {
			isa = XCSwiftPackageProductDependency;
			package = C1F4A5832EA326C1001A9170 /* XCRemoteSwiftPackageReference "grpc-swift-2" */;
			productName = GRPCCore;
		};
		C1F4A5882EA326C1001A9170 /* GRPCInProcessTransport */ = {
			isa = XCSwiftPackageProductDependency;
			package = C1F4A5832EA326C1001A9170 /* XCRemoteSwiftPackageReference "grpc-swift-2" */;
			productName = GRPCInProcessTransport;
		};
		C1F4A58F2EA32738001A9170 /* GRPCProtobuf */ = {
			isa = XCSwiftPackageProductDependency;
			package = C1F4A58E2EA32738001A9170 /* XCRemoteSwiftPackageReference "grpc-swift-protobuf" */;
			productName = GRPCProtobuf;
		};
		C1F4A5922EA327D1001A9170 /* GRPCNIOTransportHTTP2 */ = {
			isa = XCSwiftPackageProductDependency;
			package = C1F4A5912EA327D1001A9170 /* XCRemoteSwiftPackageReference "grpc-swift-nio-transport" */;
			productName = GRPCNIOTransportHTTP2;
		};
		C1F4A5942EA327D1001A9170 /* GRPCNIOTransportHTTP2Posix */ = {
			isa = XCSwiftPackageProductDependency;
			package = C1F4A5912EA327D1001A9170 /* XCRemoteSwiftPackageReference "grpc-swift-nio-transport" */;
			productName = GRPCNIOTransportHTTP2Posix;
		};
		C1F4A5962EA327D1001A9170 /* GRPCNIOTransportHTTP2TransportServices */ = {
			isa = XCSwiftPackageProductDependency;
			package = C1F4A5912EA327D1001A9170 /* XCRemoteSwiftPackageReference "grpc-swift-nio-transport" */;
			productName = GRPCNIOTransportHTTP2TransportServices;
		};
/* End XCSwiftPackageProductDependency section */
	};
	rootObject = 72317BDE2A80F2D30044B240 /* Project object */;
}
